
Microsoft Visual Studio Solution File, Format Version 12.00
# Visual Studio Version 16
VisualStudioVersion = 16.0.30717.126
MinimumVisualStudioVersion = 10.0.40219.1
Project("{FAE04EC0-301F-11D3-BF4B-00C04F79EFBC}") = "DeskC", "DeskC.csproj", "{E173E179-604D-45B6-826A-531B22E99876}"
EndProject
Project("{FAE04EC0-301F-11D3-BF4B-00C04F79EFBC}") = "DeskCLogic", "..\DeskC.Logic\DeskCLogic.csproj", "{55A95D21-3FCF-45D6-A5AE-D5A171BF0D8A}"
EndProject
Project("{FAE04EC0-301F-11D3-BF4B-00C04F79EFBC}") = "DeskCService", "..\DeskCService\DeskCService.csproj", "{2A7C8218-CE0C-40F0-98E8-B2C2A73215BE}"
EndProject
Project("{FAE04EC0-301F-11D3-BF4B-00C04F79EFBC}") = "DeskCServiceTests", "..\UnitTestProject\DeskCServiceTests.csproj", "{3EBD4135-6B72-41DE-9357-9734B87DFDEC}"
EndProject
Project("{FAE04EC0-301F-11D3-BF4B-00C04F79EFBC}") = "DeskCLogicTests", "..\DeskCLogicTests\DeskCLogicTests.csproj", "{181D1600-9559-4A15-BB7B-036F34507DD3}"
EndProject
Project("{54435603-DBB4-11D2-8724-00A0C9A8B90C}") = "DeskCServiceSetup", "..\DeskCServiceSetup\DeskCServiceSetup.vdproj", "{BFCFD2C0-4C04-4052-874F-50F22E9F2CF7}"
EndProject
Global
	GlobalSection(SolutionConfigurationPlatforms) = preSolution
		Debug|Any CPU = Debug|Any CPU
		Release|Any CPU = Release|Any CPU
	EndGlobalSection
	GlobalSection(ProjectConfigurationPlatforms) = postSolution
		{E173E179-604D-45B6-826A-531B22E99876}.Debug|Any CPU.ActiveCfg = Debug|Any CPU
		{E173E179-604D-45B6-826A-531B22E99876}.Debug|Any CPU.Build.0 = Debug|Any CPU
		{E173E179-604D-45B6-826A-531B22E99876}.Release|Any CPU.ActiveCfg = Release|Any CPU
		{E173E179-604D-45B6-826A-531B22E99876}.Release|Any CPU.Build.0 = Release|Any CPU
		{55A95D21-3FCF-45D6-A5AE-D5A171BF0D8A}.Debug|Any CPU.ActiveCfg = Debug|Any CPU
		{55A95D21-3FCF-45D6-A5AE-D5A171BF0D8A}.Debug|Any CPU.Build.0 = Debug|Any CPU
		{55A95D21-3FCF-45D6-A5AE-D5A171BF0D8A}.Release|Any CPU.ActiveCfg = Release|Any CPU
		{55A95D21-3FCF-45D6-A5AE-D5A171BF0D8A}.Release|Any CPU.Build.0 = Release|Any CPU
		{2A7C8218-CE0C-40F0-98E8-B2C2A73215BE}.Debug|Any CPU.ActiveCfg = Debug|Any CPU
		{2A7C8218-CE0C-40F0-98E8-B2C2A73215BE}.Debug|Any CPU.Build.0 = Debug|Any CPU
		{2A7C8218-CE0C-40F0-98E8-B2C2A73215BE}.Release|Any CPU.ActiveCfg = Release|Any CPU
		{2A7C8218-CE0C-40F0-98E8-B2C2A73215BE}.Release|Any CPU.Build.0 = Release|Any CPU
		{3EBD4135-6B72-41DE-9357-9734B87DFDEC}.Debug|Any CPU.ActiveCfg = Debug|Any CPU
		{3EBD4135-6B72-41DE-9357-9734B87DFDEC}.Debug|Any CPU.Build.0 = Debug|Any CPU
		{3EBD4135-6B72-41DE-9357-9734B87DFDEC}.Release|Any CPU.ActiveCfg = Release|Any CPU
		{3EBD4135-6B72-41DE-9357-9734B87DFDEC}.Release|Any CPU.Build.0 = Release|Any CPU
		{181D1600-9559-4A15-BB7B-036F34507DD3}.Debug|Any CPU.ActiveCfg = Debug|Any CPU
		{181D1600-9559-4A15-BB7B-036F34507DD3}.Debug|Any CPU.Build.0 = Debug|Any CPU
		{181D1600-9559-4A15-BB7B-036F34507DD3}.Release|Any CPU.ActiveCfg = Release|Any CPU
		{181D1600-9559-4A15-BB7B-036F34507DD3}.Release|Any CPU.Build.0 = Release|Any CPU
		{BFCFD2C0-4C04-4052-874F-50F22E9F2CF7}.Debug|Any CPU.ActiveCfg = Debug
		{BFCFD2C0-4C04-4052-874F-50F22E9F2CF7}.Release|Any CPU.ActiveCfg = Release
	EndGlobalSection
	GlobalSection(SolutionProperties) = preSolution
		HideSolutionNode = FALSE
	EndGlobalSection
	GlobalSection(ExtensibilityGlobals) = postSolution
		SolutionGuid = {BDCA4677-F23B-42E0-842D-C91AED2B425C}
	EndGlobalSection
EndGlobal
